
Microsoft Visual Studio Solution File, Format Version 12.00
# Visual Studio 15
VisualStudioVersion = 15.0.28307.757
MinimumVisualStudioVersion = 10.0.40219.1
Project("{F184B08F-C81C-45F6-A57F-5ABD9991F28F}") = "docSendReportAsEMail", "Reporting_how-to-dynamically-send-a-report-via-e-mail-as-a-pdf-e16\docSendReportAsEMail.vbproj", "{7F19E22C-7FAC-42DD-9976-7712AEB6E7B0}"
EndProject
Global
	GlobalSection(SolutionConfigurationPlatforms) = preSolution
		Debug|Any CPU = Debug|Any CPU
		Release|Any CPU = Release|Any CPU
	EndGlobalSection
	GlobalSection(ProjectConfigurationPlatforms) = postSolution
		{7F19E22C-7FAC-42DD-9976-7712AEB6E7B0}.Debug|Any CPU.ActiveCfg = Debug|Any CPU
		{7F19E22C-7FAC-42DD-9976-7712AEB6E7B0}.Debug|Any CPU.Build.0 = Debug|Any CPU
		{7F19E22C-7FAC-42DD-9976-7712AEB6E7B0}.Release|Any CPU.ActiveCfg = Release|Any CPU
		{7F19E22C-7FAC-42DD-9976-7712AEB6E7B0}.Release|Any CPU.Build.0 = Release|Any CPU
		EndGlobalSection
	GlobalSection(SolutionProperties) = preSolution
		HideSolutionNode = FALSE
	EndGlobalSection
	GlobalSection(ExtensibilityGlobals) = postSolution
		SolutionGuid = {8713460A-EF7B-445E-B27C-BB745439B4E7}
	EndGlobalSection
EndGlobal
